{
  "version": 4,
  "terraform_version": "1.12.2",
  "serial": 12,
  "lineage": "55402416-959c-1eb5-a04e-985dde9e5c8c",
  "outputs": {},
  "resources": [
    {
      "mode": "managed",
      "type": "aws_ecr_repository",
      "name": "python_calculator",
      "provider": "provider[\"registry.terraform.io/hashicorp/aws\"]",
      "instances": [
        {
          "schema_version": 0,
          "attributes": {
            "arn": "arn:aws:ecr:eu-central-1:538694382273:repository/python-calculator",
            "encryption_configuration": [
              {
                "encryption_type": "AES256",
                "kms_key": ""
              }
            ],
            "force_delete": null,
            "id": "python-calculator",
            "image_scanning_configuration": [
              {
                "scan_on_push": true
              }
            ],
            "image_tag_mutability": "MUTABLE",
            "name": "python-calculator",
            "registry_id": "538694382273",
            "repository_url": "538694382273.dkr.ecr.eu-central-1.amazonaws.com/python-calculator",
            "tags": {
              "Environment": "dev",
              "Lesson": "5",
              "Project": "DevOps-Course"
            },
            "tags_all": {
              "Environment": "dev",
              "Lesson": "5",
              "Project": "DevOps-Course"
            },
            "timeouts": null
          },
          "sensitive_attributes": [],
          "identity_schema_version": 0,
          "private": "eyJlMmJmYjczMC1lY2FhLTExZTYtOGY4OC0zNDM2M2JjN2M0YzAiOnsiZGVsZXRlIjoxMjAwMDAwMDAwMDAwfX0="
        }
      ]
    }
  ],
  "check_results": null
}
